
Microsoft Visual Studio Solution File, Format Version 12.00
# Visual Studio 15
VisualStudioVersion = 15.0.28010.2026
MinimumVisualStudioVersion = 10.0.40219.1
Project("{9A19103F-16F7-4668-BE54-9A1E7A4F7556}") = "BibliTech.Roslyn.ViewModels.Common", "BibliTech.Roslyn.ViewModels.Common\BibliTech.Roslyn.ViewModels.Common.csproj", "{B4F80335-ED53-4F03-9122-E0E5ED0FB88F}"
EndProject
Project("{9A19103F-16F7-4668-BE54-9A1E7A4F7556}") = "BibliTech.Roslyn.ViewModels.Test", "BibliTech.Roslyn.ViewModels.Test\BibliTech.Roslyn.ViewModels.Test.csproj", "{C2FFA0F4-31FF-453E-8821-84FDCBD6F939}"
EndProject
Project("{9A19103F-16F7-4668-BE54-9A1E7A4F7556}") = "BibliTech.Roslyn.ViewModels.Terminal", "BibliTech.Roslyn.ViewModels.Terminal\BibliTech.Roslyn.ViewModels.Terminal.csproj", "{4FB3993A-EFF2-45DA-B5B6-913958E633DB}"
EndProject
Project("{9A19103F-16F7-4668-BE54-9A1E7A4F7556}") = "BibliTech.Roslyn.ViewModels.Demo", "BibliTech.Roslyn.ViewModels.Demo\BibliTech.Roslyn.ViewModels.Demo.csproj", "{51B5ADC6-FC37-44E9-B24A-944ACA638CDD}"
EndProject
Project("{2150E333-8FDC-42A3-9474-1A3956D46DE8}") = "Solution Items", "Solution Items", "{A76E16A4-00A7-4CE7-BB71-DEBD6FD7A20F}"
	ProjectSection(SolutionItems) = preProject
		LICENSE.MD = LICENSE.MD
		README.MD = README.MD
	EndProjectSection
EndProject
Global
	GlobalSection(SolutionConfigurationPlatforms) = preSolution
		Debug|Any CPU = Debug|Any CPU
		Release|Any CPU = Release|Any CPU
	EndGlobalSection
	GlobalSection(ProjectConfigurationPlatforms) = postSolution
		{B4F80335-ED53-4F03-9122-E0E5ED0FB88F}.Debug|Any CPU.ActiveCfg = Debug|Any CPU
		{B4F80335-ED53-4F03-9122-E0E5ED0FB88F}.Debug|Any CPU.Build.0 = Debug|Any CPU
		{B4F80335-ED53-4F03-9122-E0E5ED0FB88F}.Release|Any CPU.ActiveCfg = Release|Any CPU
		{B4F80335-ED53-4F03-9122-E0E5ED0FB88F}.Release|Any CPU.Build.0 = Release|Any CPU
		{C2FFA0F4-31FF-453E-8821-84FDCBD6F939}.Debug|Any CPU.ActiveCfg = Debug|Any CPU
		{C2FFA0F4-31FF-453E-8821-84FDCBD6F939}.Debug|Any CPU.Build.0 = Debug|Any CPU
		{C2FFA0F4-31FF-453E-8821-84FDCBD6F939}.Release|Any CPU.ActiveCfg = Release|Any CPU
		{C2FFA0F4-31FF-453E-8821-84FDCBD6F939}.Release|Any CPU.Build.0 = Release|Any CPU
		{4FB3993A-EFF2-45DA-B5B6-913958E633DB}.Debug|Any CPU.ActiveCfg = Debug|Any CPU
		{4FB3993A-EFF2-45DA-B5B6-913958E633DB}.Debug|Any CPU.Build.0 = Debug|Any CPU
		{4FB3993A-EFF2-45DA-B5B6-913958E633DB}.Release|Any CPU.ActiveCfg = Release|Any CPU
		{4FB3993A-EFF2-45DA-B5B6-913958E633DB}.Release|Any CPU.Build.0 = Release|Any CPU
		{51B5ADC6-FC37-44E9-B24A-944ACA638CDD}.Debug|Any CPU.ActiveCfg = Debug|Any CPU
		{51B5ADC6-FC37-44E9-B24A-944ACA638CDD}.Debug|Any CPU.Build.0 = Debug|Any CPU
		{51B5ADC6-FC37-44E9-B24A-944ACA638CDD}.Release|Any CPU.ActiveCfg = Release|Any CPU
		{51B5ADC6-FC37-44E9-B24A-944ACA638CDD}.Release|Any CPU.Build.0 = Release|Any CPU
	EndGlobalSection
	GlobalSection(SolutionProperties) = preSolution
		HideSolutionNode = FALSE
	EndGlobalSection
	GlobalSection(ExtensibilityGlobals) = postSolution
		SolutionGuid = {38F130E1-FCEE-46AD-96D2-0189DCF52FEC}
	EndGlobalSection
EndGlobal
